{
  "meteor": {},
  "dependencies": {
    "basePackages": {
      "jade": {},
      "bootstrap-3": {},
      "iron-router": {},
      "accounts-entry": {},
      "stylus-multi": {},
      "sparklines": {},
      "flot": {}
    },
    "packages": {
      "jade": {
        "git": "https://github.com/mquandalle/meteor-jade.git",
        "tag": "v0.2.2",
        "commit": "0391abab7d592b17ff74d9b9beaa721051970729"
      },
      "bootstrap-3": {
        "git": "https://github.com/mangasocial/meteor-bootstrap-3.git",
        "tag": "v3.1.1-1",
        "commit": "63dd38968828bb8963636df93e9a1c45e2dfe67e"
      },
      "iron-router": {
        "git": "https://github.com/EventedMind/iron-router.git",
        "tag": "v0.7.1",
        "commit": "d1ffb3f06ea4c112132b030f2eb1a70b81675ecb"
      },
      "accounts-entry": {
        "git": "https://github.com/Differential/accounts-entry.git",
        "tag": "v0.7.3",
        "commit": "7facaa045d3720eeeba3420c28e48d5709188fe3"
      },
      "stylus-multi": {
        "git": "https://github.com/furrio/meteor-stylus-multi.git",
        "tag": "v0.0.2",
        "commit": "f9a3e832f43edfda74d845fce6007725f5e05a5f"
      },
      "sparklines": {
        "git": "https://github.com/austinrivas/meteor-sparklines.git",
        "tag": "v1.0.0",
        "commit": "cf86cd43401699509efa75f79719c553d97f6916"
      },
      "flot": {
        "git": "https://github.com/austinrivas/meteor-flot.git",
        "tag": "v1.0.6",
        "commit": "b1561652ac7a73a99397a9922d39a5e19a75d26e"
      },
      "blaze-layout": {
        "git": "https://github.com/EventedMind/blaze-layout.git",
        "tag": "v0.2.4",
        "commit": "b40e9b0612329288d75cf52ad14a7da64bb8618f"
      },
      "accounts-t9n": {
        "git": "https://github.com/softwarerero/meteor-accounts-t9n.git",
        "tag": "v0.0.5",
        "commit": "ad9539a8818049d5d9fa050d8b2a1f62706483b1"
      }
    }
  }
}
